
Microsoft Visual Studio Solution File, Format Version 12.00
# Visual Studio Version 17
VisualStudioVersion = 17.12.35527.113 d17.12
MinimumVisualStudioVersion = 10.0.40219.1
Project("{FAE04EC0-301F-11D3-BF4B-00C04F79EFBC}") = "Bit_Array", "Bit_Array.csproj", "{4639634A-8619-4572-9AAB-CD7EC03FA0DA}"
EndProject
Global
	GlobalSection(SolutionConfigurationPlatforms) = preSolution
		Debug|Any CPU = Debug|Any CPU
		Release|Any CPU = Release|Any CPU
	EndGlobalSection
	GlobalSection(ProjectConfigurationPlatforms) = postSolution
		{4639634A-8619-4572-9AAB-CD7EC03FA0DA}.Debug|Any CPU.ActiveCfg = Debug|Any CPU
		{4639634A-8619-4572-9AAB-CD7EC03FA0DA}.Debug|Any CPU.Build.0 = Debug|Any CPU
		{4639634A-8619-4572-9AAB-CD7EC03FA0DA}.Release|Any CPU.ActiveCfg = Release|Any CPU
		{4639634A-8619-4572-9AAB-CD7EC03FA0DA}.Release|Any CPU.Build.0 = Release|Any CPU
	EndGlobalSection
	GlobalSection(SolutionProperties) = preSolution
		HideSolutionNode = FALSE
	EndGlobalSection
EndGlobal
